
Microsoft Visual Studio Solution File, Format Version 12.00
# Visual Studio Version 16
VisualStudioVersion = 16.0.29418.71
MinimumVisualStudioVersion = 10.0.40219.1
Project("{FAE04EC0-301F-11D3-BF4B-00C04F79EFBC}") = "CSModulModulTablaHozzarendelo", "CSModulModulTablaHozzarendelo\CSModulModulTablaHozzarendelo.csproj", "{AF551A7D-2D74-4B28-BC4B-21AB40CB4E84}"
EndProject
Global
	GlobalSection(SolutionConfigurationPlatforms) = preSolution
		Debug|Any CPU = Debug|Any CPU
		Release|Any CPU = Release|Any CPU
	EndGlobalSection
	GlobalSection(ProjectConfigurationPlatforms) = postSolution
		{AF551A7D-2D74-4B28-BC4B-21AB40CB4E84}.Debug|Any CPU.ActiveCfg = Debug|Any CPU
		{AF551A7D-2D74-4B28-BC4B-21AB40CB4E84}.Debug|Any CPU.Build.0 = Debug|Any CPU
		{AF551A7D-2D74-4B28-BC4B-21AB40CB4E84}.Release|Any CPU.ActiveCfg = Release|Any CPU
		{AF551A7D-2D74-4B28-BC4B-21AB40CB4E84}.Release|Any CPU.Build.0 = Release|Any CPU
	EndGlobalSection
	GlobalSection(SolutionProperties) = preSolution
		HideSolutionNode = FALSE
	EndGlobalSection
	GlobalSection(ExtensibilityGlobals) = postSolution
		SolutionGuid = {E87CCD20-A017-432C-AB01-A080035CF34B}
	EndGlobalSection
EndGlobal
